// !$*UTF8*$!
{
	archiveVersion = 1;
	classes = {
	};
	objectVersion = 77;
	objects = {

/* Begin PBXContainerItemProxy section */
		D8BD9EFD2E7ACF1300750AF3 /* PBXContainerItemProxy */ = {
			isa = PBXContainerItemProxy;
			containerPortal = D8BD9EDE2E7ACF1200750AF3 /* Project object */;
			proxyType = 1;
			remoteGlobalIDString = D8BD9EE52E7ACF1200750AF3;
			remoteInfo = favoriteBook;
		};
		D8BD9F072E7ACF1300750AF3 /* PBXContainerItemProxy */ = {
			isa = PBXContainerItemProxy;
			containerPortal = D8BD9EDE2E7ACF1200750AF3 /* Project object */;
			proxyType = 1;
			remoteGlobalIDString = D8BD9EE52E7ACF1200750AF3;
			remoteInfo = favoriteBook;
		};
/* End PBXContainerItemProxy section */

/* Begin PBXFileReference section */
		D8BD9EE62E7ACF1200750AF3 /* favoriteBook.app */ = {isa = PBXFileReference; explicitFileType = wrapper.application; includeInIndex = 0; path = favoriteBook.app; sourceTree = BUILT_PRODUCTS_DIR; };
		D8BD9EFC2E7ACF1300750AF3 /* favoriteBookTests.xctest */ = {isa = PBXFileReference; explicitFileType = wrapper.cfbundle; includeInIndex = 0; path = favoriteBookTests.xctest; sourceTree = BUILT_PRODUCTS_DIR; };
		D8BD9F062E7ACF1300750AF3 /* favoriteBookUITests.xctest */ = {isa = PBXFileReference; explicitFileType = wrapper.cfbundle; includeInIndex = 0; path = favoriteBookUITests.xctest; sourceTree = BUILT_PRODUCTS_DIR; };
/* End PBXFileReference section */

/* Begin PBXFileSystemSynchronizedBuildFileExceptionSet section */
		D8BD9F0E2E7ACF1300750AF3 /* Exceptions for "favoriteBook" folder in "favoriteBook" target */ = {
			isa = PBXFileSystemSynchronizedBuildFileExceptionSet;
			membershipExceptions = (
				Info.plist,
			);
			target = D8BD9EE52E7ACF1200750AF3 /* favoriteBook */;
		};
/* End PBXFileSystemSynchronizedBuildFileExceptionSet section */

/* Begin PBXFileSystemSynchronizedRootGroup section */
		D8BD9EE82E7ACF1200750AF3 /* favoriteBook */ = {
			isa = PBXFileSystemSynchronizedRootGroup;
			exceptions = (
				D8BD9F0E2E7ACF1300750AF3 /* Exceptions for "favoriteBook" folder in "favoriteBook" target */,
			);
			path = favoriteBook;
			sourceTree = "<group>";
		};
		D8BD9EFF2E7ACF1300750AF3 /* favoriteBookTests */ = {
			isa = PBXFileSystemSynchronizedRootGroup;
			path = favoriteBookTests;
			sourceTree = "<group>";
		};
		D8BD9F092E7ACF1300750AF3 /* favoriteBookUITests */ = {
			isa = PBXFileSystemSynchronizedRootGroup;
			path = favoriteBookUITests;
			sourceTree = "<group>";
		};
/* End PBXFileSystemSynchronizedRootGroup section */

/* Begin PBXFrameworksBuildPhase section */
		D8BD9EE32E7ACF1200750AF3 /* Frameworks */ = {
			isa = PBXFrameworksBuildPhase;
			buildActionMask = 2147483647;
			files = (
			);
			runOnlyForDeploymentPostprocessing = 0;
		};
		D8BD9EF92E7ACF1300750AF3 /* Frameworks */ = {
			isa = PBXFrameworksBuildPhase;
			buildActionMask = 2147483647;
			files = (
			);
			runOnlyForDeploymentPostprocessing = 0;
		};
		D8BD9F032E7ACF1300750AF3 /* Frameworks */ = {
			isa = PBXFrameworksBuildPhase;
			buildActionMask = 2147483647;
			files = (
			);
			runOnlyForDeploymentPostprocessing = 0;
		};
/* End PBXFrameworksBuildPhase section */

/* Begin PBXGroup section */
		D8BD9EDD2E7ACF1200750AF3 = {
			isa = PBXGroup;
			children = (
				D8BD9EE82E7ACF1200750AF3 /* favoriteBook */,
				D8BD9EFF2E7ACF1300750AF3 /* favoriteBookTests */,
				D8BD9F092E7ACF1300750AF3 /* favoriteBookUITests */,
				D8BD9EE72E7ACF1200750AF3 /* Products */,
			);
			sourceTree = "<group>";
		};
		D8BD9EE72E7ACF1200750AF3 /* Products */ = {
			isa = PBXGroup;
			children = (
				D8BD9EE62E7ACF1200750AF3 /* favoriteBook.app */,
				D8BD9EFC2E7ACF1300750AF3 /* favoriteBookTests.xctest */,
				D8BD9F062E7ACF1300750AF3 /* favoriteBookUITests.xctest */,
			);
			name = Products;
			sourceTree = "<group>";
		};
/* End PBXGroup section */

/* Begin PBXNativeTarget section */
		D8BD9EE52E7ACF1200750AF3 /* favoriteBook */ = {
			isa = PBXNativeTarget;
			buildConfigurationList = D8BD9F0F2E7ACF1300750AF3 /* Build configuration list for PBXNativeTarget "favoriteBook" */;
			buildPhases = (
				D8BD9EE22E7ACF1200750AF3 /* Sources */,
				D8BD9EE32E7ACF1200750AF3 /* Frameworks */,
				D8BD9EE42E7ACF1200750AF3 /* Resources */,
			);
			buildRules = (
			);
			dependencies = (
			);
			fileSystemSynchronizedGroups = (
				D8BD9EE82E7ACF1200750AF3 /* favoriteBook */,
			);
			name = favoriteBook;
			packageProductDependencies = (
			);
			productName = favoriteBook;
			productReference = D8BD9EE62E7ACF1200750AF3 /* favoriteBook.app */;
			productType = "com.apple.product-type.application";
		};
		D8BD9EFB2E7ACF1300750AF3 /* favoriteBookTests */ = {
			isa = PBXNativeTarget;
			buildConfigurationList = D8BD9F142E7ACF1300750AF3 /* Build configuration list for PBXNativeTarget "favoriteBookTests" */;
			buildPhases = (
				D8BD9EF82E7ACF1300750AF3 /* Sources */,
				D8BD9EF92E7ACF1300750AF3 /* Frameworks */,
				D8BD9EFA2E7ACF1300750AF3 /* Resources */,
			);
			buildRules = (
			);
			dependencies = (
				D8BD9EFE2E7ACF1300750AF3 /* PBXTargetDependency */,
			);
			fileSystemSynchronizedGroups = (
				D8BD9EFF2E7ACF1300750AF3 /* favoriteBookTests */,
			);
			name = favoriteBookTests;
			packageProductDependencies = (
			);
			productName = favoriteBookTests;
			productReference = D8BD9EFC2E7ACF1300750AF3 /* favoriteBookTests.xctest */;
			productType = "com.apple.product-type.bundle.unit-test";
		};
		D8BD9F052E7ACF1300750AF3 /* favoriteBookUITests */ = {
			isa = PBXNativeTarget;
			buildConfigurationList = D8BD9F172E7ACF1300750AF3 /* Build configuration list for PBXNativeTarget "favoriteBookUITests" */;
			buildPhases = (
				D8BD9F022E7ACF1300750AF3 /* Sources */,
				D8BD9F032E7ACF1300750AF3 /* Frameworks */,
				D8BD9F042E7ACF1300750AF3 /* Resources */,
			);
			buildRules = (
			);
			dependencies = (
				D8BD9F082E7ACF1300750AF3 /* PBXTargetDependency */,
			);
			fileSystemSynchronizedGroups = (
				D8BD9F092E7ACF1300750AF3 /* favoriteBookUITests */,
			);
			name = favoriteBookUITests;
			packageProductDependencies = (
			);
			productName = favoriteBookUITests;
			productReference = D8BD9F062E7ACF1300750AF3 /* favoriteBookUITests.xctest */;
			productType = "com.apple.product-type.bundle.ui-testing";
		};
/* End PBXNativeTarget section */

/* Begin PBXProject section */
		D8BD9EDE2E7ACF1200750AF3 /* Project object */ = {
			isa = PBXProject;
			attributes = {
				BuildIndependentTargetsInParallel = 1;
				LastSwiftUpdateCheck = 1640;
				LastUpgradeCheck = 1640;
				TargetAttributes = {
					D8BD9EE52E7ACF1200750AF3 = {
						CreatedOnToolsVersion = 16.4;
					};
					D8BD9EFB2E7ACF1300750AF3 = {
						CreatedOnToolsVersion = 16.4;
						TestTargetID = D8BD9EE52E7ACF1200750AF3;
					};
					D8BD9F052E7ACF1300750AF3 = {
						CreatedOnToolsVersion = 16.4;
						TestTargetID = D8BD9EE52E7ACF1200750AF3;
					};
				};
			};
			buildConfigurationList = D8BD9EE12E7ACF1200750AF3 /* Build configuration list for PBXProject "favoriteBook" */;
			developmentRegion = en;
			hasScannedForEncodings = 0;
			knownRegions = (
				en,
				Base,
			);
			mainGroup = D8BD9EDD2E7ACF1200750AF3;
			minimizedProjectReferenceProxies = 1;
			preferredProjectObjectVersion = 77;
			productRefGroup = D8BD9EE72E7ACF1200750AF3 /* Products */;
			projectDirPath = "";
			projectRoot = "";
			targets = (
				D8BD9EE52E7ACF1200750AF3 /* favoriteBook */,
				D8BD9EFB2E7ACF1300750AF3 /* favoriteBookTests */,
				D8BD9F052E7ACF1300750AF3 /* favoriteBookUITests */,
			);
		};
/* End PBXProject section */

/* Begin PBXResourcesBuildPhase section */
		D8BD9EE42E7ACF1200750AF3 /* Resources */ = {
			isa = PBXResourcesBuildPhase;
			buildActionMask = 2147483647;
			files = (
			);
			runOnlyForDeploymentPostprocessing = 0;
		};
		D8BD9EFA2E7ACF1300750AF3 /* Resources */ = {
			isa = PBXResourcesBuildPhase;
			buildActionMask = 2147483647;
			files = (
			);
			runOnlyForDeploymentPostprocessing = 0;
		};
		D8BD9F042E7ACF1300750AF3 /* Resources */ = {
			isa = PBXResourcesBuildPhase;
			buildActionMask = 2147483647;
			files = (
			);
			runOnlyForDeploymentPostprocessing = 0;
		};
/* End PBXResourcesBuildPhase section */

/* Begin PBXSourcesBuildPhase section */
		D8BD9EE22E7ACF1200750AF3 /* Sources */ = {
			isa = PBXSourcesBuildPhase;
			buildActionMask = 2147483647;
			files = (
			);
			runOnlyForDeploymentPostprocessing = 0;
		};
		D8BD9EF82E7ACF1300750AF3 /* Sources */ = {
			isa = PBXSourcesBuildPhase;
			buildActionMask = 2147483647;
			files = (
			);
			runOnlyForDeploymentPostprocessing = 0;
		};
		D8BD9F022E7ACF1300750AF3 /* Sources */ = {
			isa = PBXSourcesBuildPhase;
			buildActionMask = 2147483647;
			files = (
			);
			runOnlyForDeploymentPostprocessing = 0;
		};
/* End PBXSourcesBuildPhase section */

/* Begin PBXTargetDependency section */
		D8BD9EFE2E7ACF1300750AF3 /* PBXTargetDependency */ = {
			isa = PBXTargetDependency;
			target = D8BD9EE52E7ACF1200750AF3 /* favoriteBook */;
			targetProxy = D8BD9EFD2E7ACF1300750AF3 /* PBXContainerItemProxy */;
		};
		D8BD9F082E7ACF1300750AF3 /* PBXTargetDependency */ = {
			isa = PBXTargetDependency;
			target = D8BD9EE52E7ACF1200750AF3 /* favoriteBook */;
			targetProxy = D8BD9F072E7ACF1300750AF3 /* PBXContainerItemProxy */;
		};
/* End PBXTargetDependency section */

/* Begin XCBuildConfiguration section */
		D8BD9F102E7ACF1300750AF3 /* Debug */ = {
			isa = XCBuildConfiguration;
			buildSettings = {
				ASSETCATALOG_COMPILER_APPICON_NAME = AppIcon;
				ASSETCATALOG_COMPILER_GLOBAL_ACCENT_COLOR_NAME = AccentColor;
				CODE_SIGN_STYLE = Automatic;
				CURRENT_PROJECT_VERSION = 1;
				DEVELOPMENT_TEAM = DZVLCZ84TB;
				GENERATE_INFOPLIST_FILE = YES;
				INFOPLIST_FILE = favoriteBook/Info.plist;
				INFOPLIST_KEY_UIApplicationSupportsIndirectInputEvents = YES;
				INFOPLIST_KEY_UILaunchStoryboardName = LaunchScreen;
				INFOPLIST_KEY_UIMainStoryboardFile = Main;
				INFOPLIST_KEY_UISupportedInterfaceOrientations_iPad = "UIInterfaceOrientationPortrait UIInterfaceOrientationPortraitUpsideDown UIInterfaceOrientationLandscapeLeft UIInterfaceOrientationLandscapeRight";
				INFOPLIST_KEY_UISupportedInterfaceOrientations_iPhone = "UIInterfaceOrientationPortrait UIInterfaceOrientationLandscapeLeft UIInterfaceOrientationLandscapeRight";
				LD_RUNPATH_SEARCH_PATHS = (
					"$(inherited)",
					"@executable_path/Frameworks",
				);
				MARKETING_VERSION = 1.0;
				PRODUCT_BUNDLE_IDENTIFIER = com.Aniketbhatia.favoriteBook;
				PRODUCT_NAME = "$(TARGET_NAME)";
				SWIFT_EMIT_LOC_STRINGS = YES;
				SWIFT_VERSION = 5.0;
				TARGETED_DEVICE_FAMILY = "1,2";
			};
			name = Debug;
		};
		D8BD9F112E7ACF1300750AF3 /* Release */ = {
			isa = XCBuildConfiguration;
			buildSettings = {
				ASSETCATALOG_COMPILER_APPICON_NAME = AppIcon;
				ASSETCATALOG_COMPILER_GLOBAL_ACCENT_COLOR_NAME = AccentColor;
				CODE_SIGN_STYLE = Automatic;
				CURRENT_PROJECT_VERSION = 1;
				DEVELOPMENT_TEAM = DZVLCZ84TB;
				GENERATE_INFOPLIST_FILE = YES;
				INFOPLIST_FILE = favoriteBook/Info.plist;
				INFOPLIST_KEY_UIApplicationSupportsIndirectInputEvents = YES;
				INFOPLIST_KEY_UILaunchStoryboardName = LaunchScreen;
				INFOPLIST_KEY_UIMainStoryboardFile = Main;
				INFOPLIST_KEY_UISupportedInterfaceOrientations_iPad = "UIInterfaceOrientationPortrait UIInterfaceOrientationPortraitUpsideDown UIInterfaceOrientationLandscapeLeft UIInterfaceOrientationLandscapeRight";
				INFOPLIST_KEY_UISupportedInterfaceOrientations_iPhone = "UIInterfaceOrientationPortrait UIInterfaceOrientationLandscapeLeft UIInterfaceOrientationLandscapeRight";
				LD_RUNPATH_SEARCH_PATHS = (
					"$(inherited)",
					"@executable_path/Frameworks",
				);
				MARKETING_VERSION = 1.0;
				PRODUCT_BUNDLE_IDENTIFIER = com.Aniketbhatia.favoriteBook;
				PRODUCT_NAME = "$(TARGET_NAME)";
				SWIFT_EMIT_LOC_STRINGS = YES;
				SWIFT_VERSION = 5.0;
				TARGETED_DEVICE_FAMILY = "1,2";
			};
			name = Release;
		};
		D8BD9F122E7ACF1300750AF3 /* Debug */ = {
			isa = XCBuildConfiguration;
			buildSettings = {
				ALWAYS_SEARCH_USER_PATHS = NO;
				ASSETCATALOG_COMPILER_GENERATE_SWIFT_ASSET_SYMBOL_EXTENSIONS = YES;
				CLANG_ANALYZER_NONNULL = YES;
				CLANG_ANALYZER_NUMBER_OBJECT_CONVERSION = YES_AGGRESSIVE;
				CLANG_CXX_LANGUAGE_STANDARD = "gnu++20";
				CLANG_ENABLE_MODULES = YES;
				CLANG_ENABLE_OBJC_ARC = YES;
				CLANG_ENABLE_OBJC_WEAK = YES;
				CLANG_WARN_BLOCK_CAPTURE_AUTORELEASING = YES;
				CLANG_WARN_BOOL_CONVERSION = YES;
				CLANG_WARN_COMMA = YES;
				CLANG_WARN_CONSTANT_CONVERSION = YES;
				CLANG_WARN_DEPRECATED_OBJC_IMPLEMENTATIONS = YES;
				CLANG_WARN_DIRECT_OBJC_ISA_USAGE = YES_ERROR;
				CLANG_WARN_DOCUMENTATION_COMMENTS = YES;
				CLANG_WARN_EMPTY_BODY = YES;
				CLANG_WARN_ENUM_CONVERSION = YES;
				CLANG_WARN_INFINITE_RECURSION = YES;
				CLANG_WARN_INT_CONVERSION = YES;
				CLANG_WARN_NON_LITERAL_NULL_CONVERSION = YES;
				CLANG_WARN_OBJC_IMPLICIT_RETAIN_SELF = YES;
				CLANG_WARN_OBJC_LITERAL_CONVERSION = YES;
				CLANG_WARN_OBJC_ROOT_CLASS = YES_ERROR;
				CLANG_WARN_QUOTED_INCLUDE_IN_FRAMEWORK_HEADER = YES;
				CLANG_WARN_RANGE_LOOP_ANALYSIS = YES;
				CLANG_WARN_STRICT_PROTOTYPES = YES;
				CLANG_WARN_SUSPICIOUS_MOVE = YES;
				CLANG_WARN_UNGUARDED_AVAILABILITY = YES_AGGRESSIVE;
				CLANG_WARN_UNREACHABLE_CODE = YES;
				CLANG_WARN__DUPLICATE_METHOD_MATCH = YES;
				COPY_PHASE_STRIP = NO;
				DEBUG_INFORMATION_FORMAT = dwarf;
				DEVELOPMENT_TEAM = DZVLCZ84TB;
				ENABLE_STRICT_OBJC_MSGSEND = YES;
				ENABLE_TESTABILITY = YES;
				ENABLE_USER_SCRIPT_SANDBOXING = YES;
				GCC_C_LANGUAGE_STANDARD = gnu17;
				GCC_DYNAMIC_NO_PIC = NO;
				GCC_NO_COMMON_BLOCKS = YES;
				GCC_OPTIMIZATION_LEVEL = 0;
				GCC_PREPROCESSOR_DEFINITIONS = (
					"DEBUG=1",
					"$(inherited)",
				);
				GCC_WARN_64_TO_32_BIT_CONVERSION = YES;
				GCC_WARN_ABOUT_RETURN_TYPE = YES_ERROR;
				GCC_WARN_UNDECLARED_SELECTOR = YES;
				GCC_WARN_UNINITIALIZED_AUTOS = YES_AGGRESSIVE;
				GCC_WARN_UNUSED_FUNCTION = YES;
				GCC_WARN_UNUSED_VARIABLE = YES;
				IPHONEOS_DEPLOYMENT_TARGET = 18.5;
				LOCALIZATION_PREFERS_STRING_CATALOGS = YES;
				MTL_ENABLE_DEBUG_INFO = INCLUDE_SOURCE;
				MTL_FAST_MATH = YES;
				ONLY_ACTIVE_ARCH = YES;
				SDKROOT = iphoneos;
				SWIFT_ACTIVE_COMPILATION_CONDITIONS = "DEBUG $(inherited)";
				SWIFT_OPTIMIZATION_LEVEL = "-Onone";
			};
			name = Debug;
		};
		D8BD9F132E7ACF1300750AF3 /* Release */ = {
			isa = XCBuildConfiguration;
			buildSettings = {
				ALWAYS_SEARCH_USER_PATHS = NO;
				ASSETCATALOG_COMPILER_GENERATE_SWIFT_ASSET_SYMBOL_EXTENSIONS = YES;
				CLANG_ANALYZER_NONNULL = YES;
				CLANG_ANALYZER_NUMBER_OBJECT_CONVERSION = YES_AGGRESSIVE;
				CLANG_CXX_LANGUAGE_STANDARD = "gnu++20";
				CLANG_ENABLE_MODULES = YES;
				CLANG_ENABLE_OBJC_ARC = YES;
				CLANG_ENABLE_OBJC_WEAK = YES;
				CLANG_WARN_BLOCK_CAPTURE_AUTORELEASING = YES;
				CLANG_WARN_BOOL_CONVERSION = YES;
				CLANG_WARN_COMMA = YES;
				CLANG_WARN_CONSTANT_CONVERSION = YES;
				CLANG_WARN_DEPRECATED_OBJC_IMPLEMENTATIONS = YES;
				CLANG_WARN_DIRECT_OBJC_ISA_USAGE = YES_ERROR;
				CLANG_WARN_DOCUMENTATION_COMMENTS = YES;
				CLANG_WARN_EMPTY_BODY = YES;
				CLANG_WARN_ENUM_CONVERSION = YES;
				CLANG_WARN_INFINITE_RECURSION = YES;
				CLANG_WARN_INT_CONVERSION = YES;
				CLANG_WARN_NON_LITERAL_NULL_CONVERSION = YES;
				CLANG_WARN_OBJC_IMPLICIT_RETAIN_SELF = YES;
				CLANG_WARN_OBJC_LITERAL_CONVERSION = YES;
				CLANG_WARN_OBJC_ROOT_CLASS = YES_ERROR;
				CLANG_WARN_QUOTED_INCLUDE_IN_FRAMEWORK_HEADER = YES;
				CLANG_WARN_RANGE_LOOP_ANALYSIS = YES;
				CLANG_WARN_STRICT_PROTOTYPES = YES;
				CLANG_WARN_SUSPICIOUS_MOVE = YES;
				CLANG_WARN_UNGUARDED_AVAILABILITY = YES_AGGRESSIVE;
				CLANG_WARN_UNREACHABLE_CODE = YES;
				CLANG_WARN__DUPLICATE_METHOD_MATCH = YES;
				COPY_PHASE_STRIP = NO;
				DEBUG_INFORMATION_FORMAT = "dwarf-with-dsym";
				DEVELOPMENT_TEAM = DZVLCZ84TB;
				ENABLE_NS_ASSERTIONS = NO;
				ENABLE_STRICT_OBJC_MSGSEND = YES;
				ENABLE_USER_SCRIPT_SANDBOXING = YES;
				GCC_C_LANGUAGE_STANDARD = gnu17;
				GCC_NO_COMMON_BLOCKS = YES;
				GCC_WARN_64_TO_32_BIT_CONVERSION = YES;
				GCC_WARN_ABOUT_RETURN_TYPE = YES_ERROR;
				GCC_WARN_UNDECLARED_SELECTOR = YES;
				GCC_WARN_UNINITIALIZED_AUTOS = YES_AGGRESSIVE;
				GCC_WARN_UNUSED_FUNCTION = YES;
				GCC_WARN_UNUSED_VARIABLE = YES;
				IPHONEOS_DEPLOYMENT_TARGET = 18.5;
				LOCALIZATION_PREFERS_STRING_CATALOGS = YES;
				MTL_ENABLE_DEBUG_INFO = NO;
				MTL_FAST_MATH = YES;
				SDKROOT = iphoneos;
				SWIFT_COMPILATION_MODE = wholemodule;
				VALIDATE_PRODUCT = YES;
			};
			name = Release;
		};
		D8BD9F152E7ACF1300750AF3 /* Debug */ = {
			isa = XCBuildConfiguration;
			buildSettings = {
				BUNDLE_LOADER = "$(TEST_HOST)";
				CODE_SIGN_STYLE = Automatic;
				CURRENT_PROJECT_VERSION = 1;
				DEVELOPMENT_TEAM = DZVLCZ84TB;
				GENERATE_INFOPLIST_FILE = YES;
				IPHONEOS_DEPLOYMENT_TARGET = 18.5;
				MARKETING_VERSION = 1.0;
				PRODUCT_BUNDLE_IDENTIFIER = com.Aniketbhatia.favoriteBookTests;
				PRODUCT_NAME = "$(TARGET_NAME)";
				SWIFT_EMIT_LOC_STRINGS = NO;
				SWIFT_VERSION = 5.0;
				TARGETED_DEVICE_FAMILY = "1,2";
				TEST_HOST = "$(BUILT_PRODUCTS_DIR)/favoriteBook.app/$(BUNDLE_EXECUTABLE_FOLDER_PATH)/favoriteBook";
			};
			name = Debug;
		};
		D8BD9F162E7ACF1300750AF3 /* Release */ = {
			isa = XCBuildConfiguration;
			buildSettings = {
				BUNDLE_LOADER = "$(TEST_HOST)";
				CODE_SIGN_STYLE = Automatic;
				CURRENT_PROJECT_VERSION = 1;
				DEVELOPMENT_TEAM = DZVLCZ84TB;
				GENERATE_INFOPLIST_FILE = YES;
				IPHONEOS_DEPLOYMENT_TARGET = 18.5;
				MARKETING_VERSION = 1.0;
				PRODUCT_BUNDLE_IDENTIFIER = com.Aniketbhatia.favoriteBookTests;
				PRODUCT_NAME = "$(TARGET_NAME)";
				SWIFT_EMIT_LOC_STRINGS = NO;
				SWIFT_VERSION = 5.0;
				TARGETED_DEVICE_FAMILY = "1,2";
				TEST_HOST = "$(BUILT_PRODUCTS_DIR)/favoriteBook.app/$(BUNDLE_EXECUTABLE_FOLDER_PATH)/favoriteBook";
			};
			name = Release;
		};
		D8BD9F182E7ACF1300750AF3 /* Debug */ = {
			isa = XCBuildConfiguration;
			buildSettings = {
				CODE_SIGN_STYLE = Automatic;
				CURRENT_PROJECT_VERSION = 1;
				DEVELOPMENT_TEAM = DZVLCZ84TB;
				GENERATE_INFOPLIST_FILE = YES;
				MARKETING_VERSION = 1.0;
				PRODUCT_BUNDLE_IDENTIFIER = com.Aniketbhatia.favoriteBookUITests;
				PRODUCT_NAME = "$(TARGET_NAME)";
				SWIFT_EMIT_LOC_STRINGS = NO;
				SWIFT_VERSION = 5.0;
				TARGETED_DEVICE_FAMILY = "1,2";
				TEST_TARGET_NAME = favoriteBook;
			};
			name = Debug;
		};
		D8BD9F192E7ACF1300750AF3 /* Release */ = {
			isa = XCBuildConfiguration;
			buildSettings = {
				CODE_SIGN_STYLE = Automatic;
				CURRENT_PROJECT_VERSION = 1;
				DEVELOPMENT_TEAM = DZVLCZ84TB;
				GENERATE_INFOPLIST_FILE = YES;
				MARKETING_VERSION = 1.0;
				PRODUCT_BUNDLE_IDENTIFIER = com.Aniketbhatia.favoriteBookUITests;
				PRODUCT_NAME = "$(TARGET_NAME)";
				SWIFT_EMIT_LOC_STRINGS = NO;
				SWIFT_VERSION = 5.0;
				TARGETED_DEVICE_FAMILY = "1,2";
				TEST_TARGET_NAME = favoriteBook;
			};
			name = Release;
		};
/* End XCBuildConfiguration section */

/* Begin XCConfigurationList section */
		D8BD9EE12E7ACF1200750AF3 /* Build configuration list for PBXProject "favoriteBook" */ = {
			isa = XCConfigurationList;
			buildConfigurations = (
				D8BD9F122E7ACF1300750AF3 /* Debug */,
				D8BD9F132E7ACF1300750AF3 /* Release */,
			);
			defaultConfigurationIsVisible = 0;
			defaultConfigurationName = Release;
		};
		D8BD9F0F2E7ACF1300750AF3 /* Build configuration list for PBXNativeTarget "favoriteBook" */ = {
			isa = XCConfigurationList;
			buildConfigurations = (
				D8BD9F102E7ACF1300750AF3 /* Debug */,
				D8BD9F112E7ACF1300750AF3 /* Release */,
			);
			defaultConfigurationIsVisible = 0;
			defaultConfigurationName = Release;
		};
		D8BD9F142E7ACF1300750AF3 /* Build configuration list for PBXNativeTarget "favoriteBookTests" */ = {
			isa = XCConfigurationList;
			buildConfigurations = (
				D8BD9F152E7ACF1300750AF3 /* Debug */,
				D8BD9F162E7ACF1300750AF3 /* Release */,
			);
			defaultConfigurationIsVisible = 0;
			defaultConfigurationName = Release;
		};
		D8BD9F172E7ACF1300750AF3 /* Build configuration list for PBXNativeTarget "favoriteBookUITests" */ = {
			isa = XCConfigurationList;
			buildConfigurations = (
				D8BD9F182E7ACF1300750AF3 /* Debug */,
				D8BD9F192E7ACF1300750AF3 /* Release */,
			);
			defaultConfigurationIsVisible = 0;
			defaultConfigurationName = Release;
		};
/* End XCConfigurationList section */
	};
	rootObject = D8BD9EDE2E7ACF1200750AF3 /* Project object */;
}
